// !$*UTF8*$!
{
	archiveVersion = 1;
	classes = {
	};
	objectVersion = 50;
	objects = {

/* Begin PBXBuildFile section */
		D9149EB527BFE02C0005E55D /* AppDelegate.swift in Sources */ = {isa = PBXBuildFile; fileRef = D9149EB427BFE02C0005E55D /* AppDelegate.swift */; };
		D9149EB727BFE02C0005E55D /* SceneDelegate.swift in Sources */ = {isa = PBXBuildFile; fileRef = D9149EB627BFE02C0005E55D /* SceneDelegate.swift */; };
		D9149EB927BFE02C0005E55D /* ViewController.swift in Sources */ = {isa = PBXBuildFile; fileRef = D9149EB827BFE02C0005E55D /* ViewController.swift */; };
		D9149EBC27BFE02C0005E55D /* Main.storyboard in Resources */ = {isa = PBXBuildFile; fileRef = D9149EBA27BFE02C0005E55D /* Main.storyboard */; };
		D9149EBE27BFE0300005E55D /* Assets.xcassets in Resources */ = {isa = PBXBuildFile; fileRef = D9149EBD27BFE0300005E55D /* Assets.xcassets */; };
		D9149EC127BFE0300005E55D /* LaunchScreen.storyboard in Resources */ = {isa = PBXBuildFile; fileRef = D9149EBF27BFE0300005E55D /* LaunchScreen.storyboard */; };
		D972D23327C08564007891CD /* PeopleRawData.swift in Sources */ = {isa = PBXBuildFile; fileRef = D972D23227C08564007891CD /* PeopleRawData.swift */; };
		D972D23527C08607007891CD /* PeopleController.swift in Sources */ = {isa = PBXBuildFile; fileRef = D972D23427C08607007891CD /* PeopleController.swift */; };
		D972D23927C0914E007891CD /* LabelCell.swift in Sources */ = {isa = PBXBuildFile; fileRef = D972D23827C0914E007891CD /* LabelCell.swift */; };
/* End PBXBuildFile section */

/* Begin PBXFileReference section */
		D9149EB127BFE02C0005E55D /* DiffableDataSource-Sample.app */ = {isa = PBXFileReference; explicitFileType = wrapper.application; includeInIndex = 0; path = "DiffableDataSource-Sample.app"; sourceTree = BUILT_PRODUCTS_DIR; };
		D9149EB427BFE02C0005E55D /* AppDelegate.swift */ = {isa = PBXFileReference; lastKnownFileType = sourcecode.swift; path = AppDelegate.swift; sourceTree = "<group>"; };
		D9149EB627BFE02C0005E55D /* SceneDelegate.swift */ = {isa = PBXFileReference; lastKnownFileType = sourcecode.swift; path = SceneDelegate.swift; sourceTree = "<group>"; };
		D9149EB827BFE02C0005E55D /* ViewController.swift */ = {isa = PBXFileReference; lastKnownFileType = sourcecode.swift; path = ViewController.swift; sourceTree = "<group>"; };
		D9149EBB27BFE02C0005E55D /* Base */ = {isa = PBXFileReference; lastKnownFileType = file.storyboard; name = Base; path = Base.lproj/Main.storyboard; sourceTree = "<group>"; };
		D9149EBD27BFE0300005E55D /* Assets.xcassets */ = {isa = PBXFileReference; lastKnownFileType = folder.assetcatalog; path = Assets.xcassets; sourceTree = "<group>"; };
		D9149EC027BFE0300005E55D /* Base */ = {isa = PBXFileReference; lastKnownFileType = file.storyboard; name = Base; path = Base.lproj/LaunchScreen.storyboard; sourceTree = "<group>"; };
		D9149EC227BFE0300005E55D /* Info.plist */ = {isa = PBXFileReference; lastKnownFileType = text.plist.xml; path = Info.plist; sourceTree = "<group>"; };
		D972D23227C08564007891CD /* PeopleRawData.swift */ = {isa = PBXFileReference; lastKnownFileType = sourcecode.swift; path = PeopleRawData.swift; sourceTree = "<group>"; };
		D972D23427C08607007891CD /* PeopleController.swift */ = {isa = PBXFileReference; lastKnownFileType = sourcecode.swift; path = PeopleController.swift; sourceTree = "<group>"; };
		D972D23827C0914E007891CD /* LabelCell.swift */ = {isa = PBXFileReference; lastKnownFileType = sourcecode.swift; path = LabelCell.swift; sourceTree = "<group>"; };
/* End PBXFileReference section */

/* Begin PBXFrameworksBuildPhase section */
		D9149EAE27BFE02C0005E55D /* Frameworks */ = {
			isa = PBXFrameworksBuildPhase;
			buildActionMask = 2147483647;
			files = (
			);
			runOnlyForDeploymentPostprocessing = 0;
		};
/* End PBXFrameworksBuildPhase section */

/* Begin PBXGroup section */
		D9149EA827BFE02C0005E55D = {
			isa = PBXGroup;
			children = (
				D9149EB327BFE02C0005E55D /* DiffableDataSource-Sample */,
				D9149EB227BFE02C0005E55D /* Products */,
			);
			sourceTree = "<group>";
		};
		D9149EB227BFE02C0005E55D /* Products */ = {
			isa = PBXGroup;
			children = (
				D9149EB127BFE02C0005E55D /* DiffableDataSource-Sample.app */,
			);
			name = Products;
			sourceTree = "<group>";
		};
		D9149EB327BFE02C0005E55D /* DiffableDataSource-Sample */ = {
			isa = PBXGroup;
			children = (
				D9149EB427BFE02C0005E55D /* AppDelegate.swift */,
				D9149EB627BFE02C0005E55D /* SceneDelegate.swift */,
				D9149EB827BFE02C0005E55D /* ViewController.swift */,
				D972D23827C0914E007891CD /* LabelCell.swift */,
				D972D23427C08607007891CD /* PeopleController.swift */,
				D9149EBA27BFE02C0005E55D /* Main.storyboard */,
				D9149EBD27BFE0300005E55D /* Assets.xcassets */,
				D9149EBF27BFE0300005E55D /* LaunchScreen.storyboard */,
				D9149EC227BFE0300005E55D /* Info.plist */,
				D972D23227C08564007891CD /* PeopleRawData.swift */,
			);
			path = "DiffableDataSource-Sample";
			sourceTree = "<group>";
		};
/* End PBXGroup section */

/* Begin PBXNativeTarget section */
		D9149EB027BFE02C0005E55D /* DiffableDataSource-Sample */ = {
			isa = PBXNativeTarget;
			buildConfigurationList = D9149EC527BFE0300005E55D /* Build configuration list for PBXNativeTarget "DiffableDataSource-Sample" */;
			buildPhases = (
				D9149EAD27BFE02C0005E55D /* Sources */,
				D9149EAE27BFE02C0005E55D /* Frameworks */,
				D9149EAF27BFE02C0005E55D /* Resources */,
			);
			buildRules = (
			);
			dependencies = (
			);
			name = "DiffableDataSource-Sample";
			productName = "DiffableDataSource-Sample";
			productReference = D9149EB127BFE02C0005E55D /* DiffableDataSource-Sample.app */;
			productType = "com.apple.product-type.application";
		};
/* End PBXNativeTarget section */

/* Begin PBXProject section */
		D9149EA927BFE02C0005E55D /* Project object */ = {
			isa = PBXProject;
			attributes = {
				LastSwiftUpdateCheck = 1250;
				LastUpgradeCheck = 1250;
				TargetAttributes = {
					D9149EB027BFE02C0005E55D = {
						CreatedOnToolsVersion = 12.5.1;
					};
				};
			};
			buildConfigurationList = D9149EAC27BFE02C0005E55D /* Build configuration list for PBXProject "DiffableDataSource-Sample" */;
			compatibilityVersion = "Xcode 9.3";
			developmentRegion = en;
			hasScannedForEncodings = 0;
			knownRegions = (
				en,
				Base,
			);
			mainGroup = D9149EA827BFE02C0005E55D;
			productRefGroup = D9149EB227BFE02C0005E55D /* Products */;
			projectDirPath = "";
			projectRoot = "";
			targets = (
				D9149EB027BFE02C0005E55D /* DiffableDataSource-Sample */,
			);
		};
/* End PBXProject section */

/* Begin PBXResourcesBuildPhase section */
		D9149EAF27BFE02C0005E55D /* Resources */ = {
			isa = PBXResourcesBuildPhase;
			buildActionMask = 2147483647;
			files = (
				D9149EC127BFE0300005E55D /* LaunchScreen.storyboard in Resources */,
				D9149EBE27BFE0300005E55D /* Assets.xcassets in Resources */,
				D9149EBC27BFE02C0005E55D /* Main.storyboard in Resources */,
			);
			runOnlyForDeploymentPostprocessing = 0;
		};
/* End PBXResourcesBuildPhase section */

/* Begin PBXSourcesBuildPhase section */
		D9149EAD27BFE02C0005E55D /* Sources */ = {
			isa = PBXSourcesBuildPhase;
			buildActionMask = 2147483647;
			files = (
				D9149EB927BFE02C0005E55D /* ViewController.swift in Sources */,
				D972D23527C08607007891CD /* PeopleController.swift in Sources */,
				D9149EB527BFE02C0005E55D /* AppDelegate.swift in Sources */,
				D9149EB727BFE02C0005E55D /* SceneDelegate.swift in Sources */,
				D972D23927C0914E007891CD /* LabelCell.swift in Sources */,
				D972D23327C08564007891CD /* PeopleRawData.swift in Sources */,
			);
			runOnlyForDeploymentPostprocessing = 0;
		};
/* End PBXSourcesBuildPhase section */

/* Begin PBXVariantGroup section */
		D9149EBA27BFE02C0005E55D /* Main.storyboard */ = {
			isa = PBXVariantGroup;
			children = (
				D9149EBB27BFE02C0005E55D /* Base */,
			);
			name = Main.storyboard;
			sourceTree = "<group>";
		};
		D9149EBF27BFE0300005E55D /* LaunchScreen.storyboard */ = {
			isa = PBXVariantGroup;
			children = (
				D9149EC027BFE0300005E55D /* Base */,
			);
			name = LaunchScreen.storyboard;
			sourceTree = "<group>";
		};
/* End PBXVariantGroup section */

/* Begin XCBuildConfiguration section */
		D9149EC327BFE0300005E55D /* Debug */ = {
			isa = XCBuildConfiguration;
			buildSettings = {
				ALWAYS_SEARCH_USER_PATHS = NO;
				CLANG_ANALYZER_NONNULL = YES;
				CLANG_ANALYZER_NUMBER_OBJECT_CONVERSION = YES_AGGRESSIVE;
				CLANG_CXX_LANGUAGE_STANDARD = "gnu++14";
				CLANG_CXX_LIBRARY = "libc++";
				CLANG_ENABLE_MODULES = YES;
				CLANG_ENABLE_OBJC_ARC = YES;
				CLANG_ENABLE_OBJC_WEAK = YES;
				CLANG_WARN_BLOCK_CAPTURE_AUTORELEASING = YES;
				CLANG_WARN_BOOL_CONVERSION = YES;
				CLANG_WARN_COMMA = YES;
				CLANG_WARN_CONSTANT_CONVERSION = YES;
				CLANG_WARN_DEPRECATED_OBJC_IMPLEMENTATIONS = YES;
				CLANG_WARN_DIRECT_OBJC_ISA_USAGE = YES_ERROR;
				CLANG_WARN_DOCUMENTATION_COMMENTS = YES;
				CLANG_WARN_EMPTY_BODY = YES;
				CLANG_WARN_ENUM_CONVERSION = YES;
				CLANG_WARN_INFINITE_RECURSION = YES;
				CLANG_WARN_INT_CONVERSION = YES;
				CLANG_WARN_NON_LITERAL_NULL_CONVERSION = YES;
				CLANG_WARN_OBJC_IMPLICIT_RETAIN_SELF = YES;
				CLANG_WARN_OBJC_LITERAL_CONVERSION = YES;
				CLANG_WARN_OBJC_ROOT_CLASS = YES_ERROR;
				CLANG_WARN_QUOTED_INCLUDE_IN_FRAMEWORK_HEADER = YES;
				CLANG_WARN_RANGE_LOOP_ANALYSIS = YES;
				CLANG_WARN_STRICT_PROTOTYPES = YES;
				CLANG_WARN_SUSPICIOUS_MOVE = YES;
				CLANG_WARN_UNGUARDED_AVAILABILITY = YES_AGGRESSIVE;
				CLANG_WARN_UNREACHABLE_CODE = YES;
				CLANG_WARN__DUPLICATE_METHOD_MATCH = YES;
				COPY_PHASE_STRIP = NO;
				DEBUG_INFORMATION_FORMAT = dwarf;
				ENABLE_STRICT_OBJC_MSGSEND = YES;
				ENABLE_TESTABILITY = YES;
				GCC_C_LANGUAGE_STANDARD = gnu11;
				GCC_DYNAMIC_NO_PIC = NO;
				GCC_NO_COMMON_BLOCKS = YES;
				GCC_OPTIMIZATION_LEVEL = 0;
				GCC_PREPROCESSOR_DEFINITIONS = (
					"DEBUG=1",
					"$(inherited)",
				);
				GCC_WARN_64_TO_32_BIT_CONVERSION = YES;
				GCC_WARN_ABOUT_RETURN_TYPE = YES_ERROR;
				GCC_WARN_UNDECLARED_SELECTOR = YES;
				GCC_WARN_UNINITIALIZED_AUTOS = YES_AGGRESSIVE;
				GCC_WARN_UNUSED_FUNCTION = YES;
				GCC_WARN_UNUSED_VARIABLE = YES;
				IPHONEOS_DEPLOYMENT_TARGET = 14.5;
				MTL_ENABLE_DEBUG_INFO = INCLUDE_SOURCE;
				MTL_FAST_MATH = YES;
				ONLY_ACTIVE_ARCH = YES;
				SDKROOT = iphoneos;
				SWIFT_ACTIVE_COMPILATION_CONDITIONS = DEBUG;
				SWIFT_OPTIMIZATION_LEVEL = "-Onone";
			};
			name = Debug;
		};
		D9149EC427BFE0300005E55D /* Release */ = {
			isa = XCBuildConfiguration;
			buildSettings = {
				ALWAYS_SEARCH_USER_PATHS = NO;
				CLANG_ANALYZER_NONNULL = YES;
				CLANG_ANALYZER_NUMBER_OBJECT_CONVERSION = YES_AGGRESSIVE;
				CLANG_CXX_LANGUAGE_STANDARD = "gnu++14";
				CLANG_CXX_LIBRARY = "libc++";
				CLANG_ENABLE_MODULES = YES;
				CLANG_ENABLE_OBJC_ARC = YES;
				CLANG_ENABLE_OBJC_WEAK = YES;
				CLANG_WARN_BLOCK_CAPTURE_AUTORELEASING = YES;
				CLANG_WARN_BOOL_CONVERSION = YES;
				CLANG_WARN_COMMA = YES;
				CLANG_WARN_CONSTANT_CONVERSION = YES;
				CLANG_WARN_DEPRECATED_OBJC_IMPLEMENTATIONS = YES;
				CLANG_WARN_DIRECT_OBJC_ISA_USAGE = YES_ERROR;
				CLANG_WARN_DOCUMENTATION_COMMENTS = YES;
				CLANG_WARN_EMPTY_BODY = YES;
				CLANG_WARN_ENUM_CONVERSION = YES;
				CLANG_WARN_INFINITE_RECURSION = YES;
				CLANG_WARN_INT_CONVERSION = YES;
				CLANG_WARN_NON_LITERAL_NULL_CONVERSION = YES;
				CLANG_WARN_OBJC_IMPLICIT_RETAIN_SELF = YES;
				CLANG_WARN_OBJC_LITERAL_CONVERSION = YES;
				CLANG_WARN_OBJC_ROOT_CLASS = YES_ERROR;
				CLANG_WARN_QUOTED_INCLUDE_IN_FRAMEWORK_HEADER = YES;
				CLANG_WARN_RANGE_LOOP_ANALYSIS = YES;
				CLANG_WARN_STRICT_PROTOTYPES = YES;
				CLANG_WARN_SUSPICIOUS_MOVE = YES;
				CLANG_WARN_UNGUARDED_AVAILABILITY = YES_AGGRESSIVE;
				CLANG_WARN_UNREACHABLE_CODE = YES;
				CLANG_WARN__DUPLICATE_METHOD_MATCH = YES;
				COPY_PHASE_STRIP = NO;
				DEBUG_INFORMATION_FORMAT = "dwarf-with-dsym";
				ENABLE_NS_ASSERTIONS = NO;
				ENABLE_STRICT_OBJC_MSGSEND = YES;
				GCC_C_LANGUAGE_STANDARD = gnu11;
				GCC_NO_COMMON_BLOCKS = YES;
				GCC_WARN_64_TO_32_BIT_CONVERSION = YES;
				GCC_WARN_ABOUT_RETURN_TYPE = YES_ERROR;
				GCC_WARN_UNDECLARED_SELECTOR = YES;
				GCC_WARN_UNINITIALIZED_AUTOS = YES_AGGRESSIVE;
				GCC_WARN_UNUSED_FUNCTION = YES;
				GCC_WARN_UNUSED_VARIABLE = YES;
				IPHONEOS_DEPLOYMENT_TARGET = 14.5;
				MTL_ENABLE_DEBUG_INFO = NO;
				MTL_FAST_MATH = YES;
				SDKROOT = iphoneos;
				SWIFT_COMPILATION_MODE = wholemodule;
				SWIFT_OPTIMIZATION_LEVEL = "-O";
				VALIDATE_PRODUCT = YES;
			};
			name = Release;
		};
		D9149EC627BFE0300005E55D /* Debug */ = {
			isa = XCBuildConfiguration;
			buildSettings = {
				ASSETCATALOG_COMPILER_APPICON_NAME = AppIcon;
				ASSETCATALOG_COMPILER_GLOBAL_ACCENT_COLOR_NAME = AccentColor;
				CODE_SIGN_STYLE = Automatic;
				DEVELOPMENT_TEAM = KYG7C4ND55;
				INFOPLIST_FILE = "DiffableDataSource-Sample/Info.plist";
				LD_RUNPATH_SEARCH_PATHS = (
					"$(inherited)",
					"@executable_path/Frameworks",
				);
				PRODUCT_BUNDLE_IDENTIFIER = "chung.philip.DiffableDataSource-Sample";
				PRODUCT_NAME = "$(TARGET_NAME)";
				SWIFT_VERSION = 5.0;
				TARGETED_DEVICE_FAMILY = "1,2";
			};
			name = Debug;
		};
		D9149EC727BFE0300005E55D /* Release */ = {
			isa = XCBuildConfiguration;
			buildSettings = {
				ASSETCATALOG_COMPILER_APPICON_NAME = AppIcon;
				ASSETCATALOG_COMPILER_GLOBAL_ACCENT_COLOR_NAME = AccentColor;
				CODE_SIGN_STYLE = Automatic;
				DEVELOPMENT_TEAM = KYG7C4ND55;
				INFOPLIST_FILE = "DiffableDataSource-Sample/Info.plist";
				LD_RUNPATH_SEARCH_PATHS = (
					"$(inherited)",
					"@executable_path/Frameworks",
				);
				PRODUCT_BUNDLE_IDENTIFIER = "chung.philip.DiffableDataSource-Sample";
				PRODUCT_NAME = "$(TARGET_NAME)";
				SWIFT_VERSION = 5.0;
				TARGETED_DEVICE_FAMILY = "1,2";
			};
			name = Release;
		};
/* End XCBuildConfiguration section */

/* Begin XCConfigurationList section */
		D9149EAC27BFE02C0005E55D /* Build configuration list for PBXProject "DiffableDataSource-Sample" */ = {
			isa = XCConfigurationList;
			buildConfigurations = (
				D9149EC327BFE0300005E55D /* Debug */,
				D9149EC427BFE0300005E55D /* Release */,
			);
			defaultConfigurationIsVisible = 0;
			defaultConfigurationName = Release;
		};
		D9149EC527BFE0300005E55D /* Build configuration list for PBXNativeTarget "DiffableDataSource-Sample" */ = {
			isa = XCConfigurationList;
			buildConfigurations = (
				D9149EC627BFE0300005E55D /* Debug */,
				D9149EC727BFE0300005E55D /* Release */,
			);
			defaultConfigurationIsVisible = 0;
			defaultConfigurationName = Release;
		};
/* End XCConfigurationList section */
	};
	rootObject = D9149EA927BFE02C0005E55D /* Project object */;
}
